
Microsoft Visual Studio Solution File, Format Version 12.00
# Visual Studio Version 17
VisualStudioVersion = 17.12.35514.174
MinimumVisualStudioVersion = 10.0.40219.1
Project("{FAE04EC0-301F-11D3-BF4B-00C04F79EFBC}") = "TryForGraph", "TryForGraph\TryForGraph.csproj", "{254FCC30-5AE6-44CB-A6DE-317FD60FC634}"
EndProject
Project("{2150E333-8FDC-42A3-9474-1A3956D46DE8}") = "Solution Items", "Solution Items", "{72139B8B-F768-4923-8311-27401DC384F8}"
EndProject
Global
	GlobalSection(SolutionConfigurationPlatforms) = preSolution
		Debug|Any CPU = Debug|Any CPU
		Release|Any CPU = Release|Any CPU
	EndGlobalSection
	GlobalSection(ProjectConfigurationPlatforms) = postSolution
		{254FCC30-5AE6-44CB-A6DE-317FD60FC634}.Debug|Any CPU.ActiveCfg = Debug|Any CPU
		{254FCC30-5AE6-44CB-A6DE-317FD60FC634}.Debug|Any CPU.Build.0 = Debug|Any CPU
		{254FCC30-5AE6-44CB-A6DE-317FD60FC634}.Release|Any CPU.ActiveCfg = Release|Any CPU
		{254FCC30-5AE6-44CB-A6DE-317FD60FC634}.Release|Any CPU.Build.0 = Release|Any CPU
	EndGlobalSection
	GlobalSection(SolutionProperties) = preSolution
		HideSolutionNode = FALSE
	EndGlobalSection
EndGlobal
